{
	"name": "@ulangi/ulangi-google-sheets",
	"version": "3.11.3",
	"lockfileVersion": 1,
	"requires": true,
	"dependencies": {
		"@types/google-apps-script": {
			"version": "0.0.54",
			"resolved": "https://registry.npmjs.org/@types/google-apps-script/-/google-apps-script-0.0.54.tgz",
			"integrity": "sha512-atmShAL3qcPXxV0WhtQQmvjYpmpeHPDxt00G23UTrIiCNCIZPwWGmo5AXlb0VyaqsUzLi78ETctgaue5IwPEGg==",
			"dev": true
		},
		"@ulangi/extended-types": {
			"version": "1.5.0",
			"resolved": "https://registry.npmjs.org/@ulangi/extended-types/-/extended-types-1.5.0.tgz",
			"integrity": "sha512-V048BtQbw1DAp5Dsa/pdOx73TzuCEBtP8790McCYWqNcDBeQ7aef988ZjhFFBxI+8kvWD2ic5/48n5felprBzg==",
			"dev": true
		}
	}
}
